PODS:
  - IBPTheme (1.0.2):
    - IBPTheme/Infrastructure (= 1.0.2)
    - IBPTheme/Manager (= 1.0.2)
    - IBPTheme/Public (= 1.0.2)
    - IBPTheme/Theme (= 1.0.2)
    - IBPTheme/UIKitSwiftUIBridge (= 1.0.2)
  - IBPTheme/Infrastructure (1.0.2)
  - IBPTheme/Manager (1.0.2)
  - IBPTheme/Public (1.0.2)
  - IBPTheme/Theme (1.0.2)
  - IBPTheme/UIKitSwiftUIBridge (1.0.2)

DEPENDENCIES:
  - IBPTheme (from `../`)

EXTERNAL SOURCES:
  IBPTheme:
    :path: "../"

SPEC CHECKSUMS:
  IBPTheme: 5a98d5d40e4403c761d79fbd6f84fb07a29f5414

PODFILE CHECKSUM: c19880e21250a34002493022f92cd01ba6bd0b23

COCOAPODS: 1.16.2
